
Microsoft Visual Studio Solution File, Format Version 12.00
# Visual Studio Version 17
VisualStudioVersion = 17.0.31919.166
MinimumVisualStudioVersion = 10.0.40219.1
Project("{9A19103F-16F7-4668-BE54-9A1E7A4F7556}") = "LiveTeamRdrCore", "LiveTeamRdrCore\LiveTeamRdrCore.csproj", "{FC2C8619-4E2C-4351-BB44-524E1614CEEB}"
EndProject
Project("{9A19103F-16F7-4668-BE54-9A1E7A4F7556}") = "DataAccess", "DataAccess\DataAccess.csproj", "{9824E435-9CCD-4BF3-BBCD-A7533F3C1394}"
EndProject
Project("{FAE04EC0-301F-11D3-BF4B-00C04F79EFBC}") = "DataAccessTest", "DataAccessTest\DataAccessTest.csproj", "{698A1F66-C37D-4CB6-87AD-C2F63D7FD270}"
EndProject
Global
	GlobalSection(SolutionConfigurationPlatforms) = preSolution
		Debug|Any CPU = Debug|Any CPU
		Release|Any CPU = Release|Any CPU
	EndGlobalSection
	GlobalSection(ProjectConfigurationPlatforms) = postSolution
		{FC2C8619-4E2C-4351-BB44-524E1614CEEB}.Debug|Any CPU.ActiveCfg = Debug|Any CPU
		{FC2C8619-4E2C-4351-BB44-524E1614CEEB}.Debug|Any CPU.Build.0 = Debug|Any CPU
		{FC2C8619-4E2C-4351-BB44-524E1614CEEB}.Release|Any CPU.ActiveCfg = Release|Any CPU
		{FC2C8619-4E2C-4351-BB44-524E1614CEEB}.Release|Any CPU.Build.0 = Release|Any CPU
		{9824E435-9CCD-4BF3-BBCD-A7533F3C1394}.Debug|Any CPU.ActiveCfg = Debug|Any CPU
		{9824E435-9CCD-4BF3-BBCD-A7533F3C1394}.Debug|Any CPU.Build.0 = Debug|Any CPU
		{9824E435-9CCD-4BF3-BBCD-A7533F3C1394}.Release|Any CPU.ActiveCfg = Release|Any CPU
		{9824E435-9CCD-4BF3-BBCD-A7533F3C1394}.Release|Any CPU.Build.0 = Release|Any CPU
		{698A1F66-C37D-4CB6-87AD-C2F63D7FD270}.Debug|Any CPU.ActiveCfg = Debug|Any CPU
		{698A1F66-C37D-4CB6-87AD-C2F63D7FD270}.Debug|Any CPU.Build.0 = Debug|Any CPU
		{698A1F66-C37D-4CB6-87AD-C2F63D7FD270}.Release|Any CPU.ActiveCfg = Release|Any CPU
		{698A1F66-C37D-4CB6-87AD-C2F63D7FD270}.Release|Any CPU.Build.0 = Release|Any CPU
	EndGlobalSection
	GlobalSection(SolutionProperties) = preSolution
		HideSolutionNode = FALSE
	EndGlobalSection
	GlobalSection(ExtensibilityGlobals) = postSolution
		SolutionGuid = {3C1594CC-0FA5-4964-AA6A-58A8638D6BE3}
	EndGlobalSection
EndGlobal
